// !$*UTF8*$!
{
	archiveVersion = 1;
	classes = {
	};
	objectVersion = 50;
	objects = {

/* Begin PBXBuildFile section */
		6FB3E57723CB260B0072C366 /* AppDelegate.swift in Sources */ = {isa = PBXBuildFile; fileRef = 6FB3E57623CB260B0072C366 /* AppDelegate.swift */; };
		6FB3E57923CB260B0072C366 /* SceneDelegate.swift in Sources */ = {isa = PBXBuildFile; fileRef = 6FB3E57823CB260B0072C366 /* SceneDelegate.swift */; };
		6FB3E57B23CB260B0072C366 /* ContentView.swift in Sources */ = {isa = PBXBuildFile; fileRef = 6FB3E57A23CB260B0072C366 /* ContentView.swift */; };
		6FB3E57D23CB260C0072C366 /* Assets.xcassets in Resources */ = {isa = PBXBuildFile; fileRef = 6FB3E57C23CB260C0072C366 /* Assets.xcassets */; };
		6FB3E58023CB260C0072C366 /* Preview Assets.xcassets in Resources */ = {isa = PBXBuildFile; fileRef = 6FB3E57F23CB260C0072C366 /* Preview Assets.xcassets */; };
		6FB3E58323CB260C0072C366 /* LaunchScreen.storyboard in Resources */ = {isa = PBXBuildFile; fileRef = 6FB3E58123CB260C0072C366 /* LaunchScreen.storyboard */; };
		6FB3E58B23CB27670072C366 /* Episode.swift in Sources */ = {isa = PBXBuildFile; fileRef = 6FB3E58A23CB27670072C366 /* Episode.swift */; };
		6FB3E58D23CB27880072C366 /* Type.swift in Sources */ = {isa = PBXBuildFile; fileRef = 6FB3E58C23CB27880072C366 /* Type.swift */; };
		6FB3E58F23CB27E60072C366 /* DetailView.swift in Sources */ = {isa = PBXBuildFile; fileRef = 6FB3E58E23CB27E60072C366 /* DetailView.swift */; };
		6FB3E59123CB28D00072C366 /* BottomView.swift in Sources */ = {isa = PBXBuildFile; fileRef = 6FB3E59023CB28D00072C366 /* BottomView.swift */; };
		6FB3E59323CB29150072C366 /* MiddleView.swift in Sources */ = {isa = PBXBuildFile; fileRef = 6FB3E59223CB29150072C366 /* MiddleView.swift */; };
		6FB3E59523CB29730072C366 /* HomeView.swift in Sources */ = {isa = PBXBuildFile; fileRef = 6FB3E59423CB29730072C366 /* HomeView.swift */; };
/* End PBXBuildFile section */

/* Begin PBXFileReference section */
		6FB3E57323CB260B0072C366 /* NetflixApp.app */ = {isa = PBXFileReference; explicitFileType = wrapper.application; includeInIndex = 0; path = NetflixApp.app; sourceTree = BUILT_PRODUCTS_DIR; };
		6FB3E57623CB260B0072C366 /* AppDelegate.swift */ = {isa = PBXFileReference; lastKnownFileType = sourcecode.swift; path = AppDelegate.swift; sourceTree = "<group>"; };
		6FB3E57823CB260B0072C366 /* SceneDelegate.swift */ = {isa = PBXFileReference; lastKnownFileType = sourcecode.swift; path = SceneDelegate.swift; sourceTree = "<group>"; };
		6FB3E57A23CB260B0072C366 /* ContentView.swift */ = {isa = PBXFileReference; lastKnownFileType = sourcecode.swift; path = ContentView.swift; sourceTree = "<group>"; };
		6FB3E57C23CB260C0072C366 /* Assets.xcassets */ = {isa = PBXFileReference; lastKnownFileType = folder.assetcatalog; path = Assets.xcassets; sourceTree = "<group>"; };
		6FB3E57F23CB260C0072C366 /* Preview Assets.xcassets */ = {isa = PBXFileReference; lastKnownFileType = folder.assetcatalog; path = "Preview Assets.xcassets"; sourceTree = "<group>"; };
		6FB3E58223CB260C0072C366 /* Base */ = {isa = PBXFileReference; lastKnownFileType = file.storyboard; name = Base; path = Base.lproj/LaunchScreen.storyboard; sourceTree = "<group>"; };
		6FB3E58423CB260C0072C366 /* Info.plist */ = {isa = PBXFileReference; lastKnownFileType = text.plist.xml; path = Info.plist; sourceTree = "<group>"; };
		6FB3E58A23CB27670072C366 /* Episode.swift */ = {isa = PBXFileReference; lastKnownFileType = sourcecode.swift; path = Episode.swift; sourceTree = "<group>"; };
		6FB3E58C23CB27880072C366 /* Type.swift */ = {isa = PBXFileReference; lastKnownFileType = sourcecode.swift; path = Type.swift; sourceTree = "<group>"; };
		6FB3E58E23CB27E60072C366 /* DetailView.swift */ = {isa = PBXFileReference; lastKnownFileType = sourcecode.swift; path = DetailView.swift; sourceTree = "<group>"; };
		6FB3E59023CB28D00072C366 /* BottomView.swift */ = {isa = PBXFileReference; lastKnownFileType = sourcecode.swift; path = BottomView.swift; sourceTree = "<group>"; };
		6FB3E59223CB29150072C366 /* MiddleView.swift */ = {isa = PBXFileReference; lastKnownFileType = sourcecode.swift; path = MiddleView.swift; sourceTree = "<group>"; };
		6FB3E59423CB29730072C366 /* HomeView.swift */ = {isa = PBXFileReference; lastKnownFileType = sourcecode.swift; path = HomeView.swift; sourceTree = "<group>"; };
/* End PBXFileReference section */

/* Begin PBXFrameworksBuildPhase section */
		6FB3E57023CB260B0072C366 /* Frameworks */ = {
			isa = PBXFrameworksBuildPhase;
			buildActionMask = 2147483647;
			files = (
			);
			runOnlyForDeploymentPostprocessing = 0;
		};
/* End PBXFrameworksBuildPhase section */

/* Begin PBXGroup section */
		6FB3E56A23CB260B0072C366 = {
			isa = PBXGroup;
			children = (
				6FB3E57523CB260B0072C366 /* NetflixApp */,
				6FB3E57423CB260B0072C366 /* Products */,
			);
			sourceTree = "<group>";
		};
		6FB3E57423CB260B0072C366 /* Products */ = {
			isa = PBXGroup;
			children = (
				6FB3E57323CB260B0072C366 /* NetflixApp.app */,
			);
			name = Products;
			sourceTree = "<group>";
		};
		6FB3E57523CB260B0072C366 /* NetflixApp */ = {
			isa = PBXGroup;
			children = (
				6FB3E57623CB260B0072C366 /* AppDelegate.swift */,
				6FB3E57823CB260B0072C366 /* SceneDelegate.swift */,
				6FB3E58A23CB27670072C366 /* Episode.swift */,
				6FB3E58C23CB27880072C366 /* Type.swift */,
				6FB3E57A23CB260B0072C366 /* ContentView.swift */,
				6FB3E58E23CB27E60072C366 /* DetailView.swift */,
				6FB3E59023CB28D00072C366 /* BottomView.swift */,
				6FB3E59223CB29150072C366 /* MiddleView.swift */,
				6FB3E59423CB29730072C366 /* HomeView.swift */,
				6FB3E57C23CB260C0072C366 /* Assets.xcassets */,
				6FB3E58123CB260C0072C366 /* LaunchScreen.storyboard */,
				6FB3E58423CB260C0072C366 /* Info.plist */,
				6FB3E57E23CB260C0072C366 /* Preview Content */,
			);
			path = NetflixApp;
			sourceTree = "<group>";
		};
		6FB3E57E23CB260C0072C366 /* Preview Content */ = {
			isa = PBXGroup;
			children = (
				6FB3E57F23CB260C0072C366 /* Preview Assets.xcassets */,
			);
			path = "Preview Content";
			sourceTree = "<group>";
		};
/* End PBXGroup section */

/* Begin PBXNativeTarget section */
		6FB3E57223CB260B0072C366 /* NetflixApp */ = {
			isa = PBXNativeTarget;
			buildConfigurationList = 6FB3E58723CB260C0072C366 /* Build configuration list for PBXNativeTarget "NetflixApp" */;
			buildPhases = (
				6FB3E56F23CB260B0072C366 /* Sources */,
				6FB3E57023CB260B0072C366 /* Frameworks */,
				6FB3E57123CB260B0072C366 /* Resources */,
			);
			buildRules = (
			);
			dependencies = (
			);
			name = NetflixApp;
			productName = NetflixApp;
			productReference = 6FB3E57323CB260B0072C366 /* NetflixApp.app */;
			productType = "com.apple.product-type.application";
		};
/* End PBXNativeTarget section */

/* Begin PBXProject section */
		6FB3E56B23CB260B0072C366 /* Project object */ = {
			isa = PBXProject;
			attributes = {
				LastSwiftUpdateCheck = 1120;
				LastUpgradeCheck = 1120;
				ORGANIZATIONNAME = "Alexander Römer";
				TargetAttributes = {
					6FB3E57223CB260B0072C366 = {
						CreatedOnToolsVersion = 11.2.1;
					};
				};
			};
			buildConfigurationList = 6FB3E56E23CB260B0072C366 /* Build configuration list for PBXProject "NetflixApp" */;
			compatibilityVersion = "Xcode 9.3";
			developmentRegion = en;
			hasScannedForEncodings = 0;
			knownRegions = (
				en,
				Base,
			);
			mainGroup = 6FB3E56A23CB260B0072C366;
			productRefGroup = 6FB3E57423CB260B0072C366 /* Products */;
			projectDirPath = "";
			projectRoot = "";
			targets = (
				6FB3E57223CB260B0072C366 /* NetflixApp */,
			);
		};
/* End PBXProject section */

/* Begin PBXResourcesBuildPhase section */
		6FB3E57123CB260B0072C366 /* Resources */ = {
			isa = PBXResourcesBuildPhase;
			buildActionMask = 2147483647;
			files = (
				6FB3E58323CB260C0072C366 /* LaunchScreen.storyboard in Resources */,
				6FB3E58023CB260C0072C366 /* Preview Assets.xcassets in Resources */,
				6FB3E57D23CB260C0072C366 /* Assets.xcassets in Resources */,
			);
			runOnlyForDeploymentPostprocessing = 0;
		};
/* End PBXResourcesBuildPhase section */

/* Begin PBXSourcesBuildPhase section */
		6FB3E56F23CB260B0072C366 /* Sources */ = {
			isa = PBXSourcesBuildPhase;
			buildActionMask = 2147483647;
			files = (
				6FB3E58D23CB27880072C366 /* Type.swift in Sources */,
				6FB3E58F23CB27E60072C366 /* DetailView.swift in Sources */,
				6FB3E57723CB260B0072C366 /* AppDelegate.swift in Sources */,
				6FB3E58B23CB27670072C366 /* Episode.swift in Sources */,
				6FB3E59523CB29730072C366 /* HomeView.swift in Sources */,
				6FB3E59123CB28D00072C366 /* BottomView.swift in Sources */,
				6FB3E59323CB29150072C366 /* MiddleView.swift in Sources */,
				6FB3E57923CB260B0072C366 /* SceneDelegate.swift in Sources */,
				6FB3E57B23CB260B0072C366 /* ContentView.swift in Sources */,
			);
			runOnlyForDeploymentPostprocessing = 0;
		};
/* End PBXSourcesBuildPhase section */

/* Begin PBXVariantGroup section */
		6FB3E58123CB260C0072C366 /* LaunchScreen.storyboard */ = {
			isa = PBXVariantGroup;
			children = (
				6FB3E58223CB260C0072C366 /* Base */,
			);
			name = LaunchScreen.storyboard;
			sourceTree = "<group>";
		};
/* End PBXVariantGroup section */

/* Begin XCBuildConfiguration section */
		6FB3E58523CB260C0072C366 /* Debug */ = {
			isa = XCBuildConfiguration;
			buildSettings = {
				ALWAYS_SEARCH_USER_PATHS = NO;
				CLANG_ANALYZER_NONNULL = YES;
				CLANG_ANALYZER_NUMBER_OBJECT_CONVERSION = YES_AGGRESSIVE;
				CLANG_CXX_LANGUAGE_STANDARD = "gnu++14";
				CLANG_CXX_LIBRARY = "libc++";
				CLANG_ENABLE_MODULES = YES;
				CLANG_ENABLE_OBJC_ARC = YES;
				CLANG_ENABLE_OBJC_WEAK = YES;
				CLANG_WARN_BLOCK_CAPTURE_AUTORELEASING = YES;
				CLANG_WARN_BOOL_CONVERSION = YES;
				CLANG_WARN_COMMA = YES;
				CLANG_WARN_CONSTANT_CONVERSION = YES;
				CLANG_WARN_DEPRECATED_OBJC_IMPLEMENTATIONS = YES;
				CLANG_WARN_DIRECT_OBJC_ISA_USAGE = YES_ERROR;
				CLANG_WARN_DOCUMENTATION_COMMENTS = YES;
				CLANG_WARN_EMPTY_BODY = YES;
				CLANG_WARN_ENUM_CONVERSION = YES;
				CLANG_WARN_INFINITE_RECURSION = YES;
				CLANG_WARN_INT_CONVERSION = YES;
				CLANG_WARN_NON_LITERAL_NULL_CONVERSION = YES;
				CLANG_WARN_OBJC_IMPLICIT_RETAIN_SELF = YES;
				CLANG_WARN_OBJC_LITERAL_CONVERSION = YES;
				CLANG_WARN_OBJC_ROOT_CLASS = YES_ERROR;
				CLANG_WARN_RANGE_LOOP_ANALYSIS = YES;
				CLANG_WARN_STRICT_PROTOTYPES = YES;
				CLANG_WARN_SUSPICIOUS_MOVE = YES;
				CLANG_WARN_UNGUARDED_AVAILABILITY = YES_AGGRESSIVE;
				CLANG_WARN_UNREACHABLE_CODE = YES;
				CLANG_WARN__DUPLICATE_METHOD_MATCH = YES;
				COPY_PHASE_STRIP = NO;
				DEBUG_INFORMATION_FORMAT = dwarf;
				ENABLE_STRICT_OBJC_MSGSEND = YES;
				ENABLE_TESTABILITY = YES;
				GCC_C_LANGUAGE_STANDARD = gnu11;
				GCC_DYNAMIC_NO_PIC = NO;
				GCC_NO_COMMON_BLOCKS = YES;
				GCC_OPTIMIZATION_LEVEL = 0;
				GCC_PREPROCESSOR_DEFINITIONS = (
					"DEBUG=1",
					"$(inherited)",
				);
				GCC_WARN_64_TO_32_BIT_CONVERSION = YES;
				GCC_WARN_ABOUT_RETURN_TYPE = YES_ERROR;
				GCC_WARN_UNDECLARED_SELECTOR = YES;
				GCC_WARN_UNINITIALIZED_AUTOS = YES_AGGRESSIVE;
				GCC_WARN_UNUSED_FUNCTION = YES;
				GCC_WARN_UNUSED_VARIABLE = YES;
				IPHONEOS_DEPLOYMENT_TARGET = 13.2;
				MTL_ENABLE_DEBUG_INFO = INCLUDE_SOURCE;
				MTL_FAST_MATH = YES;
				ONLY_ACTIVE_ARCH = YES;
				SDKROOT = iphoneos;
				SWIFT_ACTIVE_COMPILATION_CONDITIONS = DEBUG;
				SWIFT_OPTIMIZATION_LEVEL = "-Onone";
			};
			name = Debug;
		};
		6FB3E58623CB260C0072C366 /* Release */ = {
			isa = XCBuildConfiguration;
			buildSettings = {
				ALWAYS_SEARCH_USER_PATHS = NO;
				CLANG_ANALYZER_NONNULL = YES;
				CLANG_ANALYZER_NUMBER_OBJECT_CONVERSION = YES_AGGRESSIVE;
				CLANG_CXX_LANGUAGE_STANDARD = "gnu++14";
				CLANG_CXX_LIBRARY = "libc++";
				CLANG_ENABLE_MODULES = YES;
				CLANG_ENABLE_OBJC_ARC = YES;
				CLANG_ENABLE_OBJC_WEAK = YES;
				CLANG_WARN_BLOCK_CAPTURE_AUTORELEASING = YES;
				CLANG_WARN_BOOL_CONVERSION = YES;
				CLANG_WARN_COMMA = YES;
				CLANG_WARN_CONSTANT_CONVERSION = YES;
				CLANG_WARN_DEPRECATED_OBJC_IMPLEMENTATIONS = YES;
				CLANG_WARN_DIRECT_OBJC_ISA_USAGE = YES_ERROR;
				CLANG_WARN_DOCUMENTATION_COMMENTS = YES;
				CLANG_WARN_EMPTY_BODY = YES;
				CLANG_WARN_ENUM_CONVERSION = YES;
				CLANG_WARN_INFINITE_RECURSION = YES;
				CLANG_WARN_INT_CONVERSION = YES;
				CLANG_WARN_NON_LITERAL_NULL_CONVERSION = YES;
				CLANG_WARN_OBJC_IMPLICIT_RETAIN_SELF = YES;
				CLANG_WARN_OBJC_LITERAL_CONVERSION = YES;
				CLANG_WARN_OBJC_ROOT_CLASS = YES_ERROR;
				CLANG_WARN_RANGE_LOOP_ANALYSIS = YES;
				CLANG_WARN_STRICT_PROTOTYPES = YES;
				CLANG_WARN_SUSPICIOUS_MOVE = YES;
				CLANG_WARN_UNGUARDED_AVAILABILITY = YES_AGGRESSIVE;
				CLANG_WARN_UNREACHABLE_CODE = YES;
				CLANG_WARN__DUPLICATE_METHOD_MATCH = YES;
				COPY_PHASE_STRIP = NO;
				DEBUG_INFORMATION_FORMAT = "dwarf-with-dsym";
				ENABLE_NS_ASSERTIONS = NO;
				ENABLE_STRICT_OBJC_MSGSEND = YES;
				GCC_C_LANGUAGE_STANDARD = gnu11;
				GCC_NO_COMMON_BLOCKS = YES;
				GCC_WARN_64_TO_32_BIT_CONVERSION = YES;
				GCC_WARN_ABOUT_RETURN_TYPE = YES_ERROR;
				GCC_WARN_UNDECLARED_SELECTOR = YES;
				GCC_WARN_UNINITIALIZED_AUTOS = YES_AGGRESSIVE;
				GCC_WARN_UNUSED_FUNCTION = YES;
				GCC_WARN_UNUSED_VARIABLE = YES;
				IPHONEOS_DEPLOYMENT_TARGET = 13.2;
				MTL_ENABLE_DEBUG_INFO = NO;
				MTL_FAST_MATH = YES;
				SDKROOT = iphoneos;
				SWIFT_COMPILATION_MODE = wholemodule;
				SWIFT_OPTIMIZATION_LEVEL = "-O";
				VALIDATE_PRODUCT = YES;
			};
			name = Release;
		};
		6FB3E58823CB260C0072C366 /* Debug */ = {
			isa = XCBuildConfiguration;
			buildSettings = {
				ASSETCATALOG_COMPILER_APPICON_NAME = AppIcon;
				CODE_SIGN_STYLE = Automatic;
				DEVELOPMENT_ASSET_PATHS = "\"NetflixApp/Preview Content\"";
				DEVELOPMENT_TEAM = SGAHDZJZ9E;
				ENABLE_PREVIEWS = YES;
				INFOPLIST_FILE = NetflixApp/Info.plist;
				LD_RUNPATH_SEARCH_PATHS = (
					"$(inherited)",
					"@executable_path/Frameworks",
				);
				PRODUCT_BUNDLE_IDENTIFIER = design.roemer.NetflixApp;
				PRODUCT_NAME = "$(TARGET_NAME)";
				SWIFT_VERSION = 5.0;
				TARGETED_DEVICE_FAMILY = "1,2";
			};
			name = Debug;
		};
		6FB3E58923CB260C0072C366 /* Release */ = {
			isa = XCBuildConfiguration;
			buildSettings = {
				ASSETCATALOG_COMPILER_APPICON_NAME = AppIcon;
				CODE_SIGN_STYLE = Automatic;
				DEVELOPMENT_ASSET_PATHS = "\"NetflixApp/Preview Content\"";
				DEVELOPMENT_TEAM = SGAHDZJZ9E;
				ENABLE_PREVIEWS = YES;
				INFOPLIST_FILE = NetflixApp/Info.plist;
				LD_RUNPATH_SEARCH_PATHS = (
					"$(inherited)",
					"@executable_path/Frameworks",
				);
				PRODUCT_BUNDLE_IDENTIFIER = design.roemer.NetflixApp;
				PRODUCT_NAME = "$(TARGET_NAME)";
				SWIFT_VERSION = 5.0;
				TARGETED_DEVICE_FAMILY = "1,2";
			};
			name = Release;
		};
/* End XCBuildConfiguration section */

/* Begin XCConfigurationList section */
		6FB3E56E23CB260B0072C366 /* Build configuration list for PBXProject "NetflixApp" */ = {
			isa = XCConfigurationList;
			buildConfigurations = (
				6FB3E58523CB260C0072C366 /* Debug */,
				6FB3E58623CB260C0072C366 /* Release */,
			);
			defaultConfigurationIsVisible = 0;
			defaultConfigurationName = Release;
		};
		6FB3E58723CB260C0072C366 /* Build configuration list for PBXNativeTarget "NetflixApp" */ = {
			isa = XCConfigurationList;
			buildConfigurations = (
				6FB3E58823CB260C0072C366 /* Debug */,
				6FB3E58923CB260C0072C366 /* Release */,
			);
			defaultConfigurationIsVisible = 0;
			defaultConfigurationName = Release;
		};
/* End XCConfigurationList section */
	};
	rootObject = 6FB3E56B23CB260B0072C366 /* Project object */;
}
